{
  "version": 4,
  "terraform_version": "1.3.6",
  "serial": 460,
  "lineage": "4ae588da-734b-0432-215a-3ad49e45c6c3",
  "outputs": {},
  "resources": [
    {
      "mode": "data",
      "type": "aws_subnet",
      "name": "def_subnet",
      "provider": "provider[\"registry.terraform.io/hashicorp/aws\"]",
      "instances": [
        {
          "schema_version": 0,
          "attributes": {
            "arn": "arn:aws:ec2:us-west-2:314615762709:subnet/subnet-0884c90f8ccb3a8e0",
            "assign_ipv6_address_on_creation": false,
            "availability_zone": "us-west-2a",
            "availability_zone_id": "usw2-az1",
            "available_ip_address_count": 4088,
            "cidr_block": "172.31.16.0/20",
            "customer_owned_ipv4_pool": "",
            "default_for_az": true,
            "enable_dns64": false,
            "enable_resource_name_dns_a_record_on_launch": false,
            "enable_resource_name_dns_aaaa_record_on_launch": false,
            "filter": null,
            "id": "subnet-0884c90f8ccb3a8e0",
            "ipv6_cidr_block": "",
            "ipv6_cidr_block_association_id": "",
            "ipv6_native": false,
            "map_customer_owned_ip_on_launch": false,
            "map_public_ip_on_launch": true,
            "outpost_arn": "",
            "owner_id": "314615762709",
            "private_dns_hostname_type_on_launch": "ip-name",
            "state": "available",
            "tags": {},
            "timeouts": null,
            "vpc_id": "vpc-089b0b6a6b0e45664"
          },
          "sensitive_attributes": []
        }
      ]
    },
    {
      "mode": "data",
      "type": "aws_vpc",
      "name": "def_vpc",
      "provider": "provider[\"registry.terraform.io/hashicorp/aws\"]",
      "instances": [
        {
          "schema_version": 0,
          "attributes": {
            "arn": "arn:aws:ec2:us-west-2:314615762709:vpc/vpc-089b0b6a6b0e45664",
            "cidr_block": "172.31.0.0/16",
            "cidr_block_associations": [
              {
                "association_id": "vpc-cidr-assoc-016e78dc81e97ad13",
                "cidr_block": "172.31.0.0/16",
                "state": "associated"
              }
            ],
            "default": true,
            "dhcp_options_id": "dopt-06a4f46b655e7db52",
            "enable_dns_hostnames": true,
            "enable_dns_support": true,
            "enable_network_address_usage_metrics": false,
            "filter": null,
            "id": "vpc-089b0b6a6b0e45664",
            "instance_tenancy": "default",
            "ipv6_association_id": "",
            "ipv6_cidr_block": "",
            "main_route_table_id": "rtb-005eaecca7fb0f949",
            "owner_id": "314615762709",
            "state": null,
            "tags": {},
            "timeouts": null
          },
          "sensitive_attributes": []
        }
      ]
    },
    {
      "mode": "managed",
      "type": "aws_acm_certificate",
      "name": "ssl",
      "provider": "provider[\"registry.terraform.io/hashicorp/aws\"]",
      "instances": [
        {
          "schema_version": 0,
          "attributes": {
            "arn": "arn:aws:acm:us-west-2:314615762709:certificate/d861c8c5-35a9-44d8-938b-2b18fc0abf83",
            "certificate_authority_arn": "",
            "certificate_body": null,
            "certificate_chain": null,
            "domain_name": "auckland.cloud",
            "domain_validation_options": [
              {
                "domain_name": "auckland.cloud",
                "resource_record_name": "_d195e25d72139164fe7070a24daae8b6.auckland.cloud.",
                "resource_record_type": "CNAME",
                "resource_record_value": "_3f3bc834f41375c0da694f82f91ec50e.pmgvbzmzyk.acm-validations.aws."
              }
            ],
            "early_renewal_duration": "",
            "id": "arn:aws:acm:us-west-2:314615762709:certificate/d861c8c5-35a9-44d8-938b-2b18fc0abf83",
            "key_algorithm": "RSA_2048",
            "not_after": "",
            "not_before": "",
            "options": [
              {
                "certificate_transparency_logging_preference": "ENABLED"
              }
            ],
            "pending_renewal": false,
            "private_key": null,
            "renewal_eligibility": "INELIGIBLE",
            "renewal_summary": [],
            "status": "PENDING_VALIDATION",
            "subject_alternative_names": [
              "auckland.cloud"
            ],
            "tags": {},
            "tags_all": {},
            "type": "AMAZON_ISSUED",
            "validation_emails": [],
            "validation_method": "DNS",
            "validation_option": []
          },
          "sensitive_attributes": [],
          "private": "bnVsbA=="
        }
      ]
    },
    {
      "mode": "managed",
      "type": "aws_cloudfront_distribution",
      "name": "my_distribution",
      "provider": "provider[\"registry.terraform.io/hashicorp/aws\"]",
      "instances": [
        {
          "schema_version": 1,
          "attributes": {
            "aliases": [],
            "arn": "arn:aws:cloudfront::314615762709:distribution/E3TY76L6P7D51K",
            "caller_reference": "terraform-20221219125016920100000005",
            "comment": null,
            "custom_error_response": [],
            "default_cache_behavior": [
              {
                "allowed_methods": [
                  "DELETE",
                  "GET",
                  "HEAD",
                  "OPTIONS",
                  "PATCH",
                  "POST",
                  "PUT"
                ],
                "cache_policy_id": "",
                "cached_methods": [
                  "GET",
                  "HEAD"
                ],
                "compress": false,
                "default_ttl": 0,
                "field_level_encryption_id": "",
                "forwarded_values": [
                  {
                    "cookies": [
                      {
                        "forward": "none",
                        "whitelisted_names": []
                      }
                    ],
                    "headers": [],
                    "query_string": false,
                    "query_string_cache_keys": []
                  }
                ],
                "function_association": [],
                "lambda_function_association": [],
                "max_ttl": 0,
                "min_ttl": 0,
                "origin_request_policy_id": "",
                "realtime_log_config_arn": "",
                "response_headers_policy_id": "",
                "smooth_streaming": false,
                "target_origin_id": "my-origin",
                "trusted_key_groups": [],
                "trusted_signers": [],
                "viewer_protocol_policy": "redirect-to-https"
              }
            ],
            "default_root_object": "",
            "domain_name": "d2zaey3kkxcaoz.cloudfront.net",
            "enabled": true,
            "etag": "ERR6FMDYYC150",
            "hosted_zone_id": "Z2FDTNDATAQYW2",
            "http_version": "http2",
            "id": "E3TY76L6P7D51K",
            "in_progress_validation_batches": 0,
            "is_ipv6_enabled": false,
            "last_modified_time": "2022-12-19 12:50:16.818 +0000 UTC",
            "logging_config": [],
            "ordered_cache_behavior": [],
            "origin": [
              {
                "connection_attempts": 3,
                "connection_timeout": 10,
                "custom_header": [],
                "custom_origin_config": [],
                "domain_name": "jira-task-bucket.s3.amazonaws.com",
                "origin_access_control_id": "",
                "origin_id": "my-origin",
                "origin_path": "",
                "origin_shield": [],
                "s3_origin_config": []
              }
            ],
            "origin_group": [],
            "price_class": "PriceClass_All",
            "restrictions": [
              {
                "geo_restriction": [
                  {
                    "locations": [],
                    "restriction_type": "none"
                  }
                ]
              }
            ],
            "retain_on_delete": false,
            "status": "Deployed",
            "tags": {
              "Environment": "Production"
            },
            "tags_all": {
              "Environment": "Production"
            },
            "trusted_key_groups": [
              {
                "enabled": false,
                "items": []
              }
            ],
            "trusted_signers": [
              {
                "enabled": false,
                "items": []
              }
            ],
            "viewer_certificate": [
              {
                "acm_certificate_arn": "",
                "cloudfront_default_certificate": true,
                "iam_certificate_id": "",
                "minimum_protocol_version": "TLSv1",
                "ssl_support_method": ""
              }
            ],
            "wait_for_deployment": true,
            "web_acl_id": ""
          },
          "sensitive_attributes": [],
          "private": "eyJzY2hlbWFfdmVyc2lvbiI6IjEifQ==",
          "dependencies": [
            "aws_s3_bucket.bucket"
          ]
        }
      ]
    },
    {
      "mode": "managed",
      "type": "aws_elb",
      "name": "lamp_lb",
      "provider": "provider[\"registry.terraform.io/hashicorp/aws\"]",
      "instances": [
        {
          "schema_version": 0,
          "attributes": {
            "access_logs": [],
            "arn": "arn:aws:elasticloadbalancing:us-west-2:314615762709:loadbalancer/tf-lb-20221219125020062800000006",
            "availability_zones": [
              "us-west-2a"
            ],
            "connection_draining": false,
            "connection_draining_timeout": 300,
            "cross_zone_load_balancing": true,
            "desync_mitigation_mode": "defensive",
            "dns_name": "tf-lb-20221219125020062800000006-1848954888.us-west-2.elb.amazonaws.com",
            "health_check": [
              {
                "healthy_threshold": 2,
                "interval": 30,
                "target": "HTTP:80/",
                "timeout": 5,
                "unhealthy_threshold": 2
              }
            ],
            "id": "tf-lb-20221219125020062800000006",
            "idle_timeout": 60,
            "instances": [],
            "internal": false,
            "listener": [
              {
                "instance_port": 443,
                "instance_protocol": "https",
                "lb_port": 443,
                "lb_protocol": "https",
                "ssl_certificate_id": "arn:aws:acm:us-west-2:314615762709:certificate/d144dbe2-d9e7-46b3-9e90-e71860ae0dd6"
              },
              {
                "instance_port": 80,
                "instance_protocol": "http",
                "lb_port": 80,
                "lb_protocol": "http",
                "ssl_certificate_id": ""
              }
            ],
            "name": "tf-lb-20221219125020062800000006",
            "name_prefix": null,
            "security_groups": [
              "sg-0c7f40588464593b1"
            ],
            "source_security_group": "314615762709/elb_sg",
            "source_security_group_id": "sg-0c7f40588464593b1",
            "subnets": [
              "subnet-0884c90f8ccb3a8e0"
            ],
            "tags": {},
            "tags_all": {},
            "zone_id": "Z1H1FL5HABSF5"
          },
          "sensitive_attributes": [],
          "private": "bnVsbA==",
          "dependencies": [
            "aws_acm_certificate.ssl",
            "aws_security_group.elb_sg",
            "data.aws_subnet.def_subnet",
            "data.aws_vpc.def_vpc"
          ]
        }
      ]
    },
    {
      "mode": "managed",
      "type": "aws_instance",
      "name": "lamp_instance",
      "provider": "provider[\"registry.terraform.io/hashicorp/aws\"]",
      "instances": [
        {
          "index_key": 0,
          "schema_version": 1,
          "attributes": {
            "ami": "ami-094125af156557ca2",
            "arn": "arn:aws:ec2:us-west-2:314615762709:instance/i-09e8b3db88cb0d461",
            "associate_public_ip_address": true,
            "availability_zone": "us-west-2a",
            "capacity_reservation_specification": [
              {
                "capacity_reservation_preference": "open",
                "capacity_reservation_target": []
              }
            ],
            "cpu_core_count": 1,
            "cpu_threads_per_core": 1,
            "credit_specification": [
              {
                "cpu_credits": "standard"
              }
            ],
            "disable_api_stop": false,
            "disable_api_termination": false,
            "ebs_block_device": [],
            "ebs_optimized": false,
            "enclave_options": [
              {
                "enabled": false
              }
            ],
            "ephemeral_block_device": [],
            "get_password_data": false,
            "hibernation": false,
            "host_id": null,
            "host_resource_group_arn": null,
            "iam_instance_profile": "",
            "id": "i-09e8b3db88cb0d461",
            "instance_initiated_shutdown_behavior": "stop",
            "instance_state": "running",
            "instance_type": "t2.micro",
            "ipv6_address_count": 0,
            "ipv6_addresses": [],
            "key_name": "ssh.pem",
            "launch_template": [],
            "maintenance_options": [
              {
                "auto_recovery": "default"
              }
            ],
            "metadata_options": [
              {
                "http_endpoint": "enabled",
                "http_put_response_hop_limit": 1,
                "http_tokens": "optional",
                "instance_metadata_tags": "disabled"
              }
            ],
            "monitoring": false,
            "network_interface": [],
            "outpost_arn": "",
            "password_data": "",
            "placement_group": "",
            "placement_partition_number": null,
            "primary_network_interface_id": "eni-010003458ed7c6867",
            "private_dns": "ip-172-31-27-137.us-west-2.compute.internal",
            "private_dns_name_options": [
              {
                "enable_resource_name_dns_a_record": false,
                "enable_resource_name_dns_aaaa_record": false,
                "hostname_type": "ip-name"
              }
            ],
            "private_ip": "172.31.27.137",
            "public_dns": "ec2-35-85-58-45.us-west-2.compute.amazonaws.com",
            "public_ip": "35.85.58.45",
            "root_block_device": [
              {
                "delete_on_termination": true,
                "device_name": "/dev/xvda",
                "encrypted": false,
                "iops": 100,
                "kms_key_id": "",
                "tags": {},
                "throughput": 0,
                "volume_id": "vol-053dc854e379f936b",
                "volume_size": 8,
                "volume_type": "gp2"
              }
            ],
            "secondary_private_ips": [],
            "security_groups": [
              "sg-0d74d2e25e7c13ab2"
            ],
            "source_dest_check": true,
            "subnet_id": "subnet-0884c90f8ccb3a8e0",
            "tags": {
              "Name": "EC2 Instance 1"
            },
            "tags_all": {
              "Name": "EC2 Instance 1"
            },
            "tenancy": "default",
            "timeouts": null,
            "user_data": "0f88f6e2670bbb279e3b747787b7e062fa2ea5d6",
            "user_data_base64": null,
            "user_data_replace_on_change": false,
            "volume_tags": null,
            "vpc_security_group_ids": [
              "sg-0d74d2e25e7c13ab2"
            ]
          },
          "sensitive_attributes": [],
          "private": "eyJlMmJmYjczMC1lY2FhLTExZTYtOGY4OC0zNDM2M2JjN2M0YzAiOnsiY3JlYXRlIjo2MDAwMDAwMDAwMDAsImRlbGV0ZSI6MTIwMDAwMDAwMDAwMCwidXBkYXRlIjo2MDAwMDAwMDAwMDB9LCJzY2hlbWFfdmVyc2lvbiI6IjEifQ==",
          "dependencies": [
            "aws_security_group.instance_sg",
            "data.aws_subnet.def_subnet"
          ]
        },
        {
          "index_key": 1,
          "schema_version": 1,
          "attributes": {
            "ami": "ami-094125af156557ca2",
            "arn": "arn:aws:ec2:us-west-2:314615762709:instance/i-0f61e6eacd95574c5",
            "associate_public_ip_address": true,
            "availability_zone": "us-west-2a",
            "capacity_reservation_specification": [
              {
                "capacity_reservation_preference": "open",
                "capacity_reservation_target": []
              }
            ],
            "cpu_core_count": 1,
            "cpu_threads_per_core": 1,
            "credit_specification": [
              {
                "cpu_credits": "standard"
              }
            ],
            "disable_api_stop": false,
            "disable_api_termination": false,
            "ebs_block_device": [],
            "ebs_optimized": false,
            "enclave_options": [
              {
                "enabled": false
              }
            ],
            "ephemeral_block_device": [],
            "get_password_data": false,
            "hibernation": false,
            "host_id": null,
            "host_resource_group_arn": null,
            "iam_instance_profile": "",
            "id": "i-0f61e6eacd95574c5",
            "instance_initiated_shutdown_behavior": "stop",
            "instance_state": "running",
            "instance_type": "t2.micro",
            "ipv6_address_count": 0,
            "ipv6_addresses": [],
            "key_name": "ssh.pem",
            "launch_template": [],
            "maintenance_options": [
              {
                "auto_recovery": "default"
              }
            ],
            "metadata_options": [
              {
                "http_endpoint": "enabled",
                "http_put_response_hop_limit": 1,
                "http_tokens": "optional",
                "instance_metadata_tags": "disabled"
              }
            ],
            "monitoring": false,
            "network_interface": [],
            "outpost_arn": "",
            "password_data": "",
            "placement_group": "",
            "placement_partition_number": null,
            "primary_network_interface_id": "eni-0ee995012e88b7291",
            "private_dns": "ip-172-31-23-48.us-west-2.compute.internal",
            "private_dns_name_options": [
              {
                "enable_resource_name_dns_a_record": false,
                "enable_resource_name_dns_aaaa_record": false,
                "hostname_type": "ip-name"
              }
            ],
            "private_ip": "172.31.23.48",
            "public_dns": "ec2-34-219-127-115.us-west-2.compute.amazonaws.com",
            "public_ip": "34.219.127.115",
            "root_block_device": [
              {
                "delete_on_termination": true,
                "device_name": "/dev/xvda",
                "encrypted": false,
                "iops": 100,
                "kms_key_id": "",
                "tags": {},
                "throughput": 0,
                "volume_id": "vol-0720deb5c49d278f0",
                "volume_size": 8,
                "volume_type": "gp2"
              }
            ],
            "secondary_private_ips": [],
            "security_groups": [
              "sg-0d74d2e25e7c13ab2"
            ],
            "source_dest_check": true,
            "subnet_id": "subnet-0884c90f8ccb3a8e0",
            "tags": {
              "Name": "EC2 Instance 2"
            },
            "tags_all": {
              "Name": "EC2 Instance 2"
            },
            "tenancy": "default",
            "timeouts": null,
            "user_data": "0f88f6e2670bbb279e3b747787b7e062fa2ea5d6",
            "user_data_base64": null,
            "user_data_replace_on_change": false,
            "volume_tags": null,
            "vpc_security_group_ids": [
              "sg-0d74d2e25e7c13ab2"
            ]
          },
          "sensitive_attributes": [],
          "private": "eyJlMmJmYjczMC1lY2FhLTExZTYtOGY4OC0zNDM2M2JjN2M0YzAiOnsiY3JlYXRlIjo2MDAwMDAwMDAwMDAsImRlbGV0ZSI6MTIwMDAwMDAwMDAwMCwidXBkYXRlIjo2MDAwMDAwMDAwMDB9LCJzY2hlbWFfdmVyc2lvbiI6IjEifQ==",
          "dependencies": [
            "aws_security_group.instance_sg",
            "data.aws_subnet.def_subnet"
          ]
        }
      ]
    },
    {
      "mode": "managed",
      "type": "aws_key_pair",
      "name": "ssh",
      "provider": "provider[\"registry.terraform.io/hashicorp/aws\"]",
      "instances": [
        {
          "schema_version": 1,
          "attributes": {
            "arn": "arn:aws:ec2:us-west-2:314615762709:key-pair/ssh.pem",
            "fingerprint": "79:ef:b2:51:1d:82:a1:1b:6b:a6:5a:b1:1b:2f:64:09",
            "id": "ssh.pem",
            "key_name": "ssh.pem",
            "key_name_prefix": "",
            "key_pair_id": "key-068667649ed22a3e4",
            "key_type": "rsa",
            "public_key": "ssh-rsa AAAAB3NzaC1yc2EAAAADAQABAAACAQDFPGuaK2yEkI49/W6neUGrjeDMinDtFcy5pQgvSIiUaC7sF8fNYRtBlLuHLbLV6jIXY/pBKEMUKEiKky098FFy/dgiFRdcXbSpZqaVKWCWle/XuSlLaPhcUj5x9L22ld2KDzR+LS0QYoy5ktAeZXhSL8oMpXyS7GZTNYZANdjCDssckXt7AvcEhGpaxLH3Cz9AaLCwsQFnPaDBfEDIR9B34Mw8pzlNRykOx3F4I7M6KOSv3lKQdLYJ+hYLaLKqpekzOFrgoobcKM4mk5sOpUA0YCUzneaKXYwn+sAhDIuiwFRlENOGEvQZmvpG9CFDTB4pYvJ+8pGtIFOFDv4jG3kYBCqSWSDNkpVm7a64PH8WQPxI/Lxp5qXMgRyTWuveLHDAXKeZI+G0zJIDnealDddB52hVdkxBar3dUzJU6z+7gLUgFGZ62HfT1Ppa/55GC/20UiuzgYe/143fB0PWATNbQrPVGgzzVqrG6vGwsN2fYznm3esF9u/RNjEaf/9L/U9gn77KLf+m85evTVq2YaXbBi46Lqq4iLJMX/sTapx9m0gTKmc9PDUd5nzqRLInEdH58H179vtmPs5caoV1yF+eCIA4yWDm3edI6bzF63eiuJ/UfYxKW+b6My0kjVQZe9UQ5pKPMkYhFOc+BybdkuK8jMfCeH/U+nDsYVuKZuiHxQ==",
            "tags": {},
            "tags_all": {}
          },
          "sensitive_attributes": [],
          "private": "eyJzY2hlbWFfdmVyc2lvbiI6IjEifQ==",
          "dependencies": [
            "tls_private_key.rsa"
          ]
        }
      ]
    },
    {
      "mode": "managed",
      "type": "aws_route53_record",
      "name": "ssl",
      "provider": "provider[\"registry.terraform.io/hashicorp/aws\"]",
      "instances": [
        {
          "schema_version": 2,
          "attributes": {
            "alias": [],
            "allow_overwrite": null,
            "failover_routing_policy": [],
            "fqdn": "_d195e25d72139164fe7070a24daae8b6.auckland.cloud",
            "geolocation_routing_policy": [],
            "health_check_id": "",
            "id": "Z0394888CD6XOIWB2CTL__d195e25d72139164fe7070a24daae8b6.auckland.cloud._CNAME",
            "latency_routing_policy": [],
            "multivalue_answer_routing_policy": null,
            "name": "_d195e25d72139164fe7070a24daae8b6.auckland.cloud",
            "records": [
              "_3f3bc834f41375c0da694f82f91ec50e.pmgvbzmzyk.acm-validations.aws."
            ],
            "set_identifier": "",
            "ttl": 300,
            "type": "CNAME",
            "weighted_routing_policy": [],
            "zone_id": "Z0394888CD6XOIWB2CTL"
          },
          "sensitive_attributes": [],
          "private": "eyJzY2hlbWFfdmVyc2lvbiI6IjIifQ==",
          "dependencies": [
            "aws_acm_certificate.ssl",
            "aws_route53_zone.ssl"
          ]
        }
      ]
    },
    {
      "mode": "managed",
      "type": "aws_route53_zone",
      "name": "ssl",
      "provider": "provider[\"registry.terraform.io/hashicorp/aws\"]",
      "instances": [
        {
          "schema_version": 0,
          "attributes": {
            "arn": "arn:aws:route53:::hostedzone/Z0394888CD6XOIWB2CTL",
            "comment": "Managed by Terraform",
            "delegation_set_id": "",
            "force_destroy": false,
            "id": "Z0394888CD6XOIWB2CTL",
            "name": "auckland.cloud",
            "name_servers": [
              "ns-1397.awsdns-46.org",
              "ns-1985.awsdns-56.co.uk",
              "ns-328.awsdns-41.com",
              "ns-813.awsdns-37.net"
            ],
            "primary_name_server": "ns-328.awsdns-41.com",
            "tags": {},
            "tags_all": {},
            "vpc": [],
            "zone_id": "Z0394888CD6XOIWB2CTL"
          },
          "sensitive_attributes": [],
          "private": "bnVsbA=="
        }
      ]
    },
    {
      "mode": "managed",
      "type": "aws_s3_bucket",
      "name": "bucket",
      "provider": "provider[\"registry.terraform.io/hashicorp/aws\"]",
      "instances": [
        {
          "schema_version": 0,
          "attributes": {
            "acceleration_status": "",
            "acl": null,
            "arn": "arn:aws:s3:::jira-task-bucket",
            "bucket": "jira-task-bucket",
            "bucket_domain_name": "jira-task-bucket.s3.amazonaws.com",
            "bucket_prefix": null,
            "bucket_regional_domain_name": "jira-task-bucket.s3.us-west-2.amazonaws.com",
            "cors_rule": [],
            "force_destroy": false,
            "grant": [
              {
                "id": "b15c6a353a12d3bf57eaa4b951ac8b35f20e220212c2baf8de27da1f39ec1cfd",
                "permissions": [
                  "FULL_CONTROL"
                ],
                "type": "CanonicalUser",
                "uri": ""
              }
            ],
            "hosted_zone_id": "Z3BJ6K6RIION7M",
            "id": "jira-task-bucket",
            "lifecycle_rule": [],
            "logging": [],
            "object_lock_configuration": [],
            "object_lock_enabled": false,
            "policy": "",
            "region": "us-west-2",
            "replication_configuration": [],
            "request_payer": "BucketOwner",
            "server_side_encryption_configuration": [],
            "tags": {},
            "tags_all": {},
            "timeouts": null,
            "versioning": [
              {
                "enabled": false,
                "mfa_delete": false
              }
            ],
            "website": [],
            "website_domain": null,
            "website_endpoint": null
          },
          "sensitive_attributes": [],
          "private": "eyJlMmJmYjczMC1lY2FhLTExZTYtOGY4OC0zNDM2M2JjN2M0YzAiOnsiY3JlYXRlIjoxMjAwMDAwMDAwMDAwLCJkZWxldGUiOjM2MDAwMDAwMDAwMDAsInJlYWQiOjEyMDAwMDAwMDAwMDAsInVwZGF0ZSI6MTIwMDAwMDAwMDAwMH19"
        }
      ]
    },
    {
      "mode": "managed",
      "type": "aws_s3_bucket_acl",
      "name": "acl_bucket",
      "provider": "provider[\"registry.terraform.io/hashicorp/aws\"]",
      "instances": [
        {
          "schema_version": 0,
          "attributes": {
            "access_control_policy": [
              {
                "grant": [
                  {
                    "grantee": [
                      {
                        "display_name": "leviparata",
                        "email_address": "",
                        "id": "b15c6a353a12d3bf57eaa4b951ac8b35f20e220212c2baf8de27da1f39ec1cfd",
                        "type": "CanonicalUser",
                        "uri": ""
                      }
                    ],
                    "permission": "FULL_CONTROL"
                  }
                ],
                "owner": [
                  {
                    "display_name": "leviparata",
                    "id": "b15c6a353a12d3bf57eaa4b951ac8b35f20e220212c2baf8de27da1f39ec1cfd"
                  }
                ]
              }
            ],
            "acl": "private",
            "bucket": "jira-task-bucket",
            "expected_bucket_owner": "",
            "id": "jira-task-bucket,private"
          },
          "sensitive_attributes": [],
          "private": "bnVsbA==",
          "dependencies": [
            "aws_s3_bucket.bucket"
          ]
        }
      ]
    },
    {
      "mode": "managed",
      "type": "aws_security_group",
      "name": "elb_sg",
      "provider": "provider[\"registry.terraform.io/hashicorp/aws\"]",
      "instances": [
        {
          "schema_version": 1,
          "attributes": {
            "arn": "arn:aws:ec2:us-west-2:314615762709:security-group/sg-0c7f40588464593b1",
            "description": "Security group for ELB",
            "egress": [
              {
                "cidr_blocks": [
                  "0.0.0.0/0"
                ],
                "description": "",
                "from_port": 0,
                "ipv6_cidr_blocks": [],
                "prefix_list_ids": [],
                "protocol": "-1",
                "security_groups": [],
                "self": false,
                "to_port": 0
              }
            ],
            "id": "sg-0c7f40588464593b1",
            "ingress": [
              {
                "cidr_blocks": [
                  "0.0.0.0/0"
                ],
                "description": "",
                "from_port": 443,
                "ipv6_cidr_blocks": [],
                "prefix_list_ids": [],
                "protocol": "tcp",
                "security_groups": [],
                "self": false,
                "to_port": 443
              },
              {
                "cidr_blocks": [
                  "0.0.0.0/0"
                ],
                "description": "",
                "from_port": 80,
                "ipv6_cidr_blocks": [],
                "prefix_list_ids": [],
                "protocol": "tcp",
                "security_groups": [],
                "self": false,
                "to_port": 80
              }
            ],
            "name": "elb_sg",
            "name_prefix": "",
            "owner_id": "314615762709",
            "revoke_rules_on_delete": false,
            "tags": {},
            "tags_all": {},
            "timeouts": null,
            "vpc_id": "vpc-089b0b6a6b0e45664"
          },
          "sensitive_attributes": [],
          "private": "eyJlMmJmYjczMC1lY2FhLTExZTYtOGY4OC0zNDM2M2JjN2M0YzAiOnsiY3JlYXRlIjo2MDAwMDAwMDAwMDAsImRlbGV0ZSI6OTAwMDAwMDAwMDAwfSwic2NoZW1hX3ZlcnNpb24iOiIxIn0=",
          "dependencies": [
            "data.aws_vpc.def_vpc"
          ]
        }
      ]
    },
    {
      "mode": "managed",
      "type": "aws_security_group",
      "name": "instance_sg",
      "provider": "provider[\"registry.terraform.io/hashicorp/aws\"]",
      "instances": [
        {
          "schema_version": 1,
          "attributes": {
            "arn": "arn:aws:ec2:us-west-2:314615762709:security-group/sg-0d74d2e25e7c13ab2",
            "description": "Security group for instances",
            "egress": [
              {
                "cidr_blocks": [
                  "0.0.0.0/0"
                ],
                "description": "",
                "from_port": 0,
                "ipv6_cidr_blocks": [],
                "prefix_list_ids": [],
                "protocol": "-1",
                "security_groups": [],
                "self": false,
                "to_port": 0
              }
            ],
            "id": "sg-0d74d2e25e7c13ab2",
            "ingress": [
              {
                "cidr_blocks": [
                  "0.0.0.0/0"
                ],
                "description": "",
                "from_port": 22,
                "ipv6_cidr_blocks": [],
                "prefix_list_ids": [],
                "protocol": "tcp",
                "security_groups": [],
                "self": false,
                "to_port": 22
              },
              {
                "cidr_blocks": [
                  "0.0.0.0/0"
                ],
                "description": "",
                "from_port": 443,
                "ipv6_cidr_blocks": [],
                "prefix_list_ids": [],
                "protocol": "tcp",
                "security_groups": [],
                "self": false,
                "to_port": 443
              },
              {
                "cidr_blocks": [
                  "0.0.0.0/0"
                ],
                "description": "",
                "from_port": 80,
                "ipv6_cidr_blocks": [],
                "prefix_list_ids": [],
                "protocol": "tcp",
                "security_groups": [],
                "self": false,
                "to_port": 80
              }
            ],
            "name": "instance_sg",
            "name_prefix": "",
            "owner_id": "314615762709",
            "revoke_rules_on_delete": false,
            "tags": {},
            "tags_all": {},
            "timeouts": null,
            "vpc_id": "vpc-089b0b6a6b0e45664"
          },
          "sensitive_attributes": [],
          "private": "eyJlMmJmYjczMC1lY2FhLTExZTYtOGY4OC0zNDM2M2JjN2M0YzAiOnsiY3JlYXRlIjo2MDAwMDAwMDAwMDAsImRlbGV0ZSI6OTAwMDAwMDAwMDAwfSwic2NoZW1hX3ZlcnNpb24iOiIxIn0=",
          "dependencies": [
            "data.aws_vpc.def_vpc"
          ]
        }
      ]
    },
    {
      "mode": "managed",
      "type": "local_file",
      "name": "ssh",
      "provider": "provider[\"registry.terraform.io/hashicorp/local\"]",
      "instances": [
        {
          "schema_version": 0,
          "attributes": {
            "content": "-----BEGIN RSA PRIVATE KEY-----\nMIIJKgIBAAKCAgEAxTxrmitshJCOPf1up3lBq43gzIpw7RXMuaUIL0iIlGgu7BfH\nzWEbQZS7hy2y1eoyF2P6QShDFChIipMtPfBRcv3YIhUXXF20qWamlSlglpXv17kp\nS2j4XFI+cfS9tpXdig80fi0tEGKMuZLQHmV4Ui/KDKV8kuxmUzWGQDXYwg7LHJF7\newL3BIRqWsSx9ws/QGiwsLEBZz2gwXxAyEfQd+DMPKc5TUcpDsdxeCOzOijkr95S\nkHS2CfoWC2iyqqXpMzha4KKG3CjOJpObDqVANGAlM53mil2MJ/rAIQyLosBUZRDT\nhhL0GZr6RvQhQ0weKWLyfvKRrSBThQ7+Ixt5GAQqklkgzZKVZu2uuDx/FkD8SPy8\naealzIEck1rr3ixwwFynmSPhtMySA53mpQ3XQedoVXZMQWq93VMyVOs/u4C1IBRm\neth309T6Wv+eRgv9tFIrs4GHv9eN3wdD1gEzW0Kz1RoM81aqxurxsLDdn2M55t3r\nBfbv0TYxGn//S/1PYJ++yi3/pvOXr01atmGl2wYuOi6quIiyTF/7E2qcfZtIEypn\nPTw1HeZ86kSyJxHR+fB9e/b7Zj7OXGqFdchfngiAOMlg5t3nSOm8xet3orif1H2M\nSlvm+jMtJI1UGXvVEOaSjzJGIRTnPgcm3ZLivIzHwnh/1Ppw7GFbimboh8UCAwEA\nAQKCAgEAqoCWzEmpn9eO/0uscp5CBNm7cVZkVK+5sOpXbviXCSQfG/1avdKqS0EV\n87+vj3jLIKlO1zDE/BHu08xzGc47utpyEtSEw1ZGLQMOEngYhVTMZ4IrjoMJ4FVA\noiZeMg7P2t9WE5VeFYH8ARhHTV+Oag3h7pjIXgJ6Wog0rCFgZjF/qAyj4C0p+P+3\nKQxMhDF21mkqBTSe7+64n0qYfgqGznrIU86DnKhdd+c10hOahjZ/qwDYAwTBsVI9\n6FLz0M1oEN0wwmv9hSjJPVPwgPKd1CkhP8PKXeaMmKsNmAROWb1Ft7CaCpcr6U6t\n+NRmRNTyZfihhNiQ0kbVrHrPeu3u+SrrB7xXsNt2Vgwz60m+43QiUX3sd1hj+iwW\nvas4M9zcy5LUXG2AB1KWypn8qclits6g1Ld8J8nxK8ttRmQwN+aW/m52A+twH4Hh\nMl0668mcObaq1SIqKGs6YWduKiWLKv5oIOLkbr7eG+wqbN9DIKzh6KSqdh3ShR8E\n/nPp1IAxaafvsezcr0EjiJeM4/nc82t4QaZuxA9RZ09kYETwnJ9VrwU9jiJkxBHP\n8w4hwhW+AcdD8Gj8UgfHFdV5xcWJx+Pd7AMMjOkAlfB0GCLD0CDYDVQZQFNIJnB5\no2Ysk/qoNKOVQRuaDC6yzXiy/zdbD7Q5oA+F8YBgeDsHNqqK6YECggEBAPvMsrpc\nlpRzsAU4BIz/s+wK1HpQly+R8hq7cewdtVz3pMyTgQzkkMNo0r6J19oZibfcEhjc\ndBJ03OANO/eHkf+AEF1mva1fgtZx3wZO3/UrRQfz/CfsRmetSa5SMR0XdjuJWMy5\nOCrWcVrKQ6+qp+F/bZOzEQ53sgELxushGoMLwjJ3Hlr7Z7XwOPZqqICjQZxt/rS3\ng/FmNhXAdHl3VXHPTSluwJtXmuQAzFqusFAWf1NMfzuptyoRS/g3MF/ZLQWFZqtg\n9Sf0A/pMdaSJjoSzLZDu+yvwqeKOqNUmDZ/XjoQbx7p/tWPlWqSGch9rUeRhmQdM\n+iFkeqlqUUbO8ZECggEBAMiGtc6vVUxz5Jt5lkw2fiTf7vbG2/l6Tn4ymTtNX2+q\nYIvbvaLNlSvPOBStTEaLpJGWGUSLRRIdeF9LTIxpPSXvdd22exJnpEOaJq/SasuR\nd/GRcte56x7DhouQWay/3YB4AHWJg4po/EXwIX2EMcnRAYZbXtCpfQ2bZsEtNrN4\ngYKqSXf7ILtOLxECYk+oqcTLVYlwJzKD+JJZIeL/bZY+VimwsC1tdwz8cVry/OZe\ng6eV5jvRPbLLzkzEOsP1K1FFV8+SSRzVVVxGYwaOtEAtntpwFa42F2CD7qXX3/Wj\nKE03vaP0CsD7HAY8bmeXFm7qbkPissQSuO9RAIH52PUCggEBALd0079uWBO/Gj8j\nKkWkw+01ksuvTgfNuOx7J6yVlJ8wmzSmP78qBMMq62kBu2/fbXS09caBUFxmIstn\nOQrHDrtuDf5PLeFUlloxywGolAnnxbrerBhWUJGXMvi8T6ZXgsAr+LPoOyES7rHs\nblZd60Ujd63GKKY21U1nzD1h+BQEjDACk+5L/6sSZB49ZZmb2ODlT09R6eMGyl8c\nwoABTxLFq/2FAPXtZR+76Sgk4LbpPUlukcDhjV8sDQLDCw66h8/e+wfgc53xbrh9\n3rTLuDe86HUReZTxGoXD1QS/XevYvLBKIUIjbABliZ4XiqyTn63a4gjsr82GjMxE\ndwU1H9ECggEAEEP9E1rdjGoKLSJbsqro6IzRkWroBQCKxWnNTCYmi6RCWJXmeAI9\nC2Svo926xi4llzmZqxmw7Js/XFt7RhhzQVR/NxDKQt/tTx597N0glIqkNBAcRKts\nCv7JNyDqZTza9sTFJMOWy+9gJzwnO0sxzrEJcqCOvFZDMotcdmb4fO5VcwflFbpl\nGUxqPPL4joWb376unYtfYpWZ4CUivosBlKJR0ufmIokykvcXKs1y/izEeR+LoWaD\nnrExdsCkE6kbbmg1izzOeWxElEuRVMLWlC4fKJDW8V6p3sZU4Vb1b7NgXYMb+uSc\nyrKTv12/ht+WjkCt2QvWfFkYbzEe3Wwq0QKCAQEAsEX+wRVRg4CDmT13vJs17kWF\nVwLfa+06w/X2lbJfRIUsCQkU6v3GejlDv23sPwlQez76hPIrp7tIVyoszIIAkJ2L\nyC7W+m3p7fWyPRJsb2i03MzpXi/4S3l6Dmtip8w9AVcarF00IHjptgOAneJKZx3h\nfYy6VXT2P0yGQOJulAGYhTGjs+9dEH6a6N06iGAIVJi5lQVdAdnGMzOGSqm0AqC8\n8lKPwfT639PnxIqNuvDoFnK3diC7mM0eEa35CFfTYmMkVTIWS+RJZ89R6o2yShiF\nS6HBE7r8J2Wj+tHlQR1Yh/Vc976UBV70d43JuQEqmvAnbJ0SGaphQnghloEVxQ==\n-----END RSA PRIVATE KEY-----\n",
            "content_base64": null,
            "directory_permission": "0777",
            "file_permission": "0777",
            "filename": "ssh.pem",
            "id": "17bbbce02982791a3a50b89491a7637e936438d4",
            "sensitive_content": null,
            "source": null
          },
          "sensitive_attributes": [
            [
              {
                "type": "get_attr",
                "value": "content"
              }
            ]
          ],
          "private": "bnVsbA==",
          "dependencies": [
            "tls_private_key.rsa"
          ]
        }
      ]
    },
    {
      "mode": "managed",
      "type": "tls_private_key",
      "name": "rsa",
      "provider": "provider[\"registry.terraform.io/hashicorp/tls\"]",
      "instances": [
        {
          "schema_version": 1,
          "attributes": {
            "algorithm": "RSA",
            "ecdsa_curve": "P224",
            "id": "48d76fb921392c61f9abe8929621620bbf25d805",
            "private_key_openssh": "-----BEGIN OPENSSH PRIVATE KEY-----\nb3BlbnNzaC1rZXktdjEAAAAABG5vbmUAAAAEbm9uZQAAAAAAAAABAAACFwAAAAdz\nc2gtcnNhAAAAAwEAAQAAAgEAxTxrmitshJCOPf1up3lBq43gzIpw7RXMuaUIL0iI\nlGgu7BfHzWEbQZS7hy2y1eoyF2P6QShDFChIipMtPfBRcv3YIhUXXF20qWamlSlg\nlpXv17kpS2j4XFI+cfS9tpXdig80fi0tEGKMuZLQHmV4Ui/KDKV8kuxmUzWGQDXY\nwg7LHJF7ewL3BIRqWsSx9ws/QGiwsLEBZz2gwXxAyEfQd+DMPKc5TUcpDsdxeCOz\nOijkr95SkHS2CfoWC2iyqqXpMzha4KKG3CjOJpObDqVANGAlM53mil2MJ/rAIQyL\nosBUZRDThhL0GZr6RvQhQ0weKWLyfvKRrSBThQ7+Ixt5GAQqklkgzZKVZu2uuDx/\nFkD8SPy8aealzIEck1rr3ixwwFynmSPhtMySA53mpQ3XQedoVXZMQWq93VMyVOs/\nu4C1IBRmeth309T6Wv+eRgv9tFIrs4GHv9eN3wdD1gEzW0Kz1RoM81aqxurxsLDd\nn2M55t3rBfbv0TYxGn//S/1PYJ++yi3/pvOXr01atmGl2wYuOi6quIiyTF/7E2qc\nfZtIEypnPTw1HeZ86kSyJxHR+fB9e/b7Zj7OXGqFdchfngiAOMlg5t3nSOm8xet3\norif1H2MSlvm+jMtJI1UGXvVEOaSjzJGIRTnPgcm3ZLivIzHwnh/1Ppw7GFbimbo\nh8UAAAc4ObuoFzm7qBcAAAAHc3NoLXJzYQAAAgEAxTxrmitshJCOPf1up3lBq43g\nzIpw7RXMuaUIL0iIlGgu7BfHzWEbQZS7hy2y1eoyF2P6QShDFChIipMtPfBRcv3Y\nIhUXXF20qWamlSlglpXv17kpS2j4XFI+cfS9tpXdig80fi0tEGKMuZLQHmV4Ui/K\nDKV8kuxmUzWGQDXYwg7LHJF7ewL3BIRqWsSx9ws/QGiwsLEBZz2gwXxAyEfQd+DM\nPKc5TUcpDsdxeCOzOijkr95SkHS2CfoWC2iyqqXpMzha4KKG3CjOJpObDqVANGAl\nM53mil2MJ/rAIQyLosBUZRDThhL0GZr6RvQhQ0weKWLyfvKRrSBThQ7+Ixt5GAQq\nklkgzZKVZu2uuDx/FkD8SPy8aealzIEck1rr3ixwwFynmSPhtMySA53mpQ3XQedo\nVXZMQWq93VMyVOs/u4C1IBRmeth309T6Wv+eRgv9tFIrs4GHv9eN3wdD1gEzW0Kz\n1RoM81aqxurxsLDdn2M55t3rBfbv0TYxGn//S/1PYJ++yi3/pvOXr01atmGl2wYu\nOi6quIiyTF/7E2qcfZtIEypnPTw1HeZ86kSyJxHR+fB9e/b7Zj7OXGqFdchfngiA\nOMlg5t3nSOm8xet3orif1H2MSlvm+jMtJI1UGXvVEOaSjzJGIRTnPgcm3ZLivIzH\nwnh/1Ppw7GFbimboh8UAAAADAQABAAACAQCqgJbMSamf147/S6xynkIE2btxVmRU\nr7mw6ldu+JcJJB8b/Vq90qpLQRXzv6+PeMsgqU7XMMT8Ee7TzHMZzju62nIS1ITD\nVkYtAw4SeBiFVMxngiuOgwngVUCiJl4yDs/a31YTlV4VgfwBGEdNX45qDeHumMhe\nAnpaiDSsIWBmMX+oDKPgLSn4/7cpDEyEMXbWaSoFNJ7v7rifSph+CobOeshTzoOc\nqF135zXSE5qGNn+rANgDBMGxUj3oUvPQzWgQ3TDCa/2FKMk9U/CA8p3UKSE/w8pd\n5oyYqw2YBE5ZvUW3sJoKlyvpTq341GZE1PJl+KGE2JDSRtWses967e75KusHvFew\n23ZWDDPrSb7jdCJRfex3WGP6LBa9qzgz3NzLktRcbYAHUpbKmfypyWK2zqDUt3wn\nyfEry21GZDA35pb+bnYD63AfgeEyXTrryZw5tqrVIiooazphZ24qJYsq/mgg4uRu\nvt4b7Cps30MgrOHopKp2HdKFHwT+c+nUgDFpp++x7NyvQSOIl4zj+dzza3hBpm7E\nD1FnT2RgRPCcn1WvBT2OImTEEc/zDiHCFb4Bx0PwaPxSB8cV1XnFxYnH493sAwyM\n6QCV8HQYIsPQINgNVBlAU0gmcHmjZiyT+qg0o5VBG5oMLrLNeLL/N1sPtDmgD4Xx\ngGB4Owc2qorpgQAAAQEAsEX+wRVRg4CDmT13vJs17kWFVwLfa+06w/X2lbJfRIUs\nCQkU6v3GejlDv23sPwlQez76hPIrp7tIVyoszIIAkJ2LyC7W+m3p7fWyPRJsb2i0\n3MzpXi/4S3l6Dmtip8w9AVcarF00IHjptgOAneJKZx3hfYy6VXT2P0yGQOJulAGY\nhTGjs+9dEH6a6N06iGAIVJi5lQVdAdnGMzOGSqm0AqC88lKPwfT639PnxIqNuvDo\nFnK3diC7mM0eEa35CFfTYmMkVTIWS+RJZ89R6o2yShiFS6HBE7r8J2Wj+tHlQR1Y\nh/Vc976UBV70d43JuQEqmvAnbJ0SGaphQnghloEVxQAAAQEA+8yyulyWlHOwBTgE\njP+z7ArUelCXL5HyGrtx7B21XPekzJOBDOSQw2jSvonX2hmJt9wSGNx0EnTc4A07\n94eR/4AQXWa9rV+C1nHfBk7f9StFB/P8J+xGZ61JrlIxHRd2O4lYzLk4KtZxWspD\nr6qn4X9tk7MRDneyAQvG6yEagwvCMnceWvtntfA49mqogKNBnG3+tLeD8WY2FcB0\neXdVcc9NKW7Am1ea5ADMWq6wUBZ/U0x/O6m3KhFL+DcwX9ktBYVmq2D1J/QD+kx1\npImOhLMtkO77K/Cp4o6o1SYNn9eOhBvHun+1Y+VapIZyH2tR5GGZB0z6IWR6qWpR\nRs7xkQAAAQEAyIa1zq9VTHPkm3mWTDZ+JN/u9sbb+XpOfjKZO01fb6pgi9u9os2V\nK884FK1MRoukkZYZRItFEh14X0tMjGk9Je913bZ7EmekQ5omr9Jqy5F38ZFy17nr\nHsOGi5BZrL/dgHgAdYmDimj8RfAhfYQxydEBhlte0Kl9DZtmwS02s3iBgqpJd/sg\nu04vEQJiT6ipxMtViXAnMoP4klkh4v9tlj5WKbCwLW13DPxxWvL85l6Dp5XmO9E9\nssvOTMQ6w/UrUUVXz5JJHNVVXEZjBo60QC2e2nAVrjYXYIPupdff9aMoTTe9o/QK\nwPscBjxuZ5cWbupuQ+KyxBK471EAgfnY9QAAAAAB\n-----END OPENSSH PRIVATE KEY-----\n",
            "private_key_pem": "-----BEGIN RSA PRIVATE KEY-----\nMIIJKgIBAAKCAgEAxTxrmitshJCOPf1up3lBq43gzIpw7RXMuaUIL0iIlGgu7BfH\nzWEbQZS7hy2y1eoyF2P6QShDFChIipMtPfBRcv3YIhUXXF20qWamlSlglpXv17kp\nS2j4XFI+cfS9tpXdig80fi0tEGKMuZLQHmV4Ui/KDKV8kuxmUzWGQDXYwg7LHJF7\newL3BIRqWsSx9ws/QGiwsLEBZz2gwXxAyEfQd+DMPKc5TUcpDsdxeCOzOijkr95S\nkHS2CfoWC2iyqqXpMzha4KKG3CjOJpObDqVANGAlM53mil2MJ/rAIQyLosBUZRDT\nhhL0GZr6RvQhQ0weKWLyfvKRrSBThQ7+Ixt5GAQqklkgzZKVZu2uuDx/FkD8SPy8\naealzIEck1rr3ixwwFynmSPhtMySA53mpQ3XQedoVXZMQWq93VMyVOs/u4C1IBRm\neth309T6Wv+eRgv9tFIrs4GHv9eN3wdD1gEzW0Kz1RoM81aqxurxsLDdn2M55t3r\nBfbv0TYxGn//S/1PYJ++yi3/pvOXr01atmGl2wYuOi6quIiyTF/7E2qcfZtIEypn\nPTw1HeZ86kSyJxHR+fB9e/b7Zj7OXGqFdchfngiAOMlg5t3nSOm8xet3orif1H2M\nSlvm+jMtJI1UGXvVEOaSjzJGIRTnPgcm3ZLivIzHwnh/1Ppw7GFbimboh8UCAwEA\nAQKCAgEAqoCWzEmpn9eO/0uscp5CBNm7cVZkVK+5sOpXbviXCSQfG/1avdKqS0EV\n87+vj3jLIKlO1zDE/BHu08xzGc47utpyEtSEw1ZGLQMOEngYhVTMZ4IrjoMJ4FVA\noiZeMg7P2t9WE5VeFYH8ARhHTV+Oag3h7pjIXgJ6Wog0rCFgZjF/qAyj4C0p+P+3\nKQxMhDF21mkqBTSe7+64n0qYfgqGznrIU86DnKhdd+c10hOahjZ/qwDYAwTBsVI9\n6FLz0M1oEN0wwmv9hSjJPVPwgPKd1CkhP8PKXeaMmKsNmAROWb1Ft7CaCpcr6U6t\n+NRmRNTyZfihhNiQ0kbVrHrPeu3u+SrrB7xXsNt2Vgwz60m+43QiUX3sd1hj+iwW\nvas4M9zcy5LUXG2AB1KWypn8qclits6g1Ld8J8nxK8ttRmQwN+aW/m52A+twH4Hh\nMl0668mcObaq1SIqKGs6YWduKiWLKv5oIOLkbr7eG+wqbN9DIKzh6KSqdh3ShR8E\n/nPp1IAxaafvsezcr0EjiJeM4/nc82t4QaZuxA9RZ09kYETwnJ9VrwU9jiJkxBHP\n8w4hwhW+AcdD8Gj8UgfHFdV5xcWJx+Pd7AMMjOkAlfB0GCLD0CDYDVQZQFNIJnB5\no2Ysk/qoNKOVQRuaDC6yzXiy/zdbD7Q5oA+F8YBgeDsHNqqK6YECggEBAPvMsrpc\nlpRzsAU4BIz/s+wK1HpQly+R8hq7cewdtVz3pMyTgQzkkMNo0r6J19oZibfcEhjc\ndBJ03OANO/eHkf+AEF1mva1fgtZx3wZO3/UrRQfz/CfsRmetSa5SMR0XdjuJWMy5\nOCrWcVrKQ6+qp+F/bZOzEQ53sgELxushGoMLwjJ3Hlr7Z7XwOPZqqICjQZxt/rS3\ng/FmNhXAdHl3VXHPTSluwJtXmuQAzFqusFAWf1NMfzuptyoRS/g3MF/ZLQWFZqtg\n9Sf0A/pMdaSJjoSzLZDu+yvwqeKOqNUmDZ/XjoQbx7p/tWPlWqSGch9rUeRhmQdM\n+iFkeqlqUUbO8ZECggEBAMiGtc6vVUxz5Jt5lkw2fiTf7vbG2/l6Tn4ymTtNX2+q\nYIvbvaLNlSvPOBStTEaLpJGWGUSLRRIdeF9LTIxpPSXvdd22exJnpEOaJq/SasuR\nd/GRcte56x7DhouQWay/3YB4AHWJg4po/EXwIX2EMcnRAYZbXtCpfQ2bZsEtNrN4\ngYKqSXf7ILtOLxECYk+oqcTLVYlwJzKD+JJZIeL/bZY+VimwsC1tdwz8cVry/OZe\ng6eV5jvRPbLLzkzEOsP1K1FFV8+SSRzVVVxGYwaOtEAtntpwFa42F2CD7qXX3/Wj\nKE03vaP0CsD7HAY8bmeXFm7qbkPissQSuO9RAIH52PUCggEBALd0079uWBO/Gj8j\nKkWkw+01ksuvTgfNuOx7J6yVlJ8wmzSmP78qBMMq62kBu2/fbXS09caBUFxmIstn\nOQrHDrtuDf5PLeFUlloxywGolAnnxbrerBhWUJGXMvi8T6ZXgsAr+LPoOyES7rHs\nblZd60Ujd63GKKY21U1nzD1h+BQEjDACk+5L/6sSZB49ZZmb2ODlT09R6eMGyl8c\nwoABTxLFq/2FAPXtZR+76Sgk4LbpPUlukcDhjV8sDQLDCw66h8/e+wfgc53xbrh9\n3rTLuDe86HUReZTxGoXD1QS/XevYvLBKIUIjbABliZ4XiqyTn63a4gjsr82GjMxE\ndwU1H9ECggEAEEP9E1rdjGoKLSJbsqro6IzRkWroBQCKxWnNTCYmi6RCWJXmeAI9\nC2Svo926xi4llzmZqxmw7Js/XFt7RhhzQVR/NxDKQt/tTx597N0glIqkNBAcRKts\nCv7JNyDqZTza9sTFJMOWy+9gJzwnO0sxzrEJcqCOvFZDMotcdmb4fO5VcwflFbpl\nGUxqPPL4joWb376unYtfYpWZ4CUivosBlKJR0ufmIokykvcXKs1y/izEeR+LoWaD\nnrExdsCkE6kbbmg1izzOeWxElEuRVMLWlC4fKJDW8V6p3sZU4Vb1b7NgXYMb+uSc\nyrKTv12/ht+WjkCt2QvWfFkYbzEe3Wwq0QKCAQEAsEX+wRVRg4CDmT13vJs17kWF\nVwLfa+06w/X2lbJfRIUsCQkU6v3GejlDv23sPwlQez76hPIrp7tIVyoszIIAkJ2L\nyC7W+m3p7fWyPRJsb2i03MzpXi/4S3l6Dmtip8w9AVcarF00IHjptgOAneJKZx3h\nfYy6VXT2P0yGQOJulAGYhTGjs+9dEH6a6N06iGAIVJi5lQVdAdnGMzOGSqm0AqC8\n8lKPwfT639PnxIqNuvDoFnK3diC7mM0eEa35CFfTYmMkVTIWS+RJZ89R6o2yShiF\nS6HBE7r8J2Wj+tHlQR1Yh/Vc976UBV70d43JuQEqmvAnbJ0SGaphQnghloEVxQ==\n-----END RSA PRIVATE KEY-----\n",
            "private_key_pem_pkcs8": "-----BEGIN PRIVATE KEY-----\nMIIJRAIBADANBgkqhkiG9w0BAQEFAASCCS4wggkqAgEAAoICAQDFPGuaK2yEkI49\n/W6neUGrjeDMinDtFcy5pQgvSIiUaC7sF8fNYRtBlLuHLbLV6jIXY/pBKEMUKEiK\nky098FFy/dgiFRdcXbSpZqaVKWCWle/XuSlLaPhcUj5x9L22ld2KDzR+LS0QYoy5\nktAeZXhSL8oMpXyS7GZTNYZANdjCDssckXt7AvcEhGpaxLH3Cz9AaLCwsQFnPaDB\nfEDIR9B34Mw8pzlNRykOx3F4I7M6KOSv3lKQdLYJ+hYLaLKqpekzOFrgoobcKM4m\nk5sOpUA0YCUzneaKXYwn+sAhDIuiwFRlENOGEvQZmvpG9CFDTB4pYvJ+8pGtIFOF\nDv4jG3kYBCqSWSDNkpVm7a64PH8WQPxI/Lxp5qXMgRyTWuveLHDAXKeZI+G0zJID\nnealDddB52hVdkxBar3dUzJU6z+7gLUgFGZ62HfT1Ppa/55GC/20UiuzgYe/143f\nB0PWATNbQrPVGgzzVqrG6vGwsN2fYznm3esF9u/RNjEaf/9L/U9gn77KLf+m85ev\nTVq2YaXbBi46Lqq4iLJMX/sTapx9m0gTKmc9PDUd5nzqRLInEdH58H179vtmPs5c\naoV1yF+eCIA4yWDm3edI6bzF63eiuJ/UfYxKW+b6My0kjVQZe9UQ5pKPMkYhFOc+\nBybdkuK8jMfCeH/U+nDsYVuKZuiHxQIDAQABAoICAQCqgJbMSamf147/S6xynkIE\n2btxVmRUr7mw6ldu+JcJJB8b/Vq90qpLQRXzv6+PeMsgqU7XMMT8Ee7TzHMZzju6\n2nIS1ITDVkYtAw4SeBiFVMxngiuOgwngVUCiJl4yDs/a31YTlV4VgfwBGEdNX45q\nDeHumMheAnpaiDSsIWBmMX+oDKPgLSn4/7cpDEyEMXbWaSoFNJ7v7rifSph+CobO\neshTzoOcqF135zXSE5qGNn+rANgDBMGxUj3oUvPQzWgQ3TDCa/2FKMk9U/CA8p3U\nKSE/w8pd5oyYqw2YBE5ZvUW3sJoKlyvpTq341GZE1PJl+KGE2JDSRtWses967e75\nKusHvFew23ZWDDPrSb7jdCJRfex3WGP6LBa9qzgz3NzLktRcbYAHUpbKmfypyWK2\nzqDUt3wnyfEry21GZDA35pb+bnYD63AfgeEyXTrryZw5tqrVIiooazphZ24qJYsq\n/mgg4uRuvt4b7Cps30MgrOHopKp2HdKFHwT+c+nUgDFpp++x7NyvQSOIl4zj+dzz\na3hBpm7ED1FnT2RgRPCcn1WvBT2OImTEEc/zDiHCFb4Bx0PwaPxSB8cV1XnFxYnH\n493sAwyM6QCV8HQYIsPQINgNVBlAU0gmcHmjZiyT+qg0o5VBG5oMLrLNeLL/N1sP\ntDmgD4XxgGB4Owc2qorpgQKCAQEA+8yyulyWlHOwBTgEjP+z7ArUelCXL5HyGrtx\n7B21XPekzJOBDOSQw2jSvonX2hmJt9wSGNx0EnTc4A0794eR/4AQXWa9rV+C1nHf\nBk7f9StFB/P8J+xGZ61JrlIxHRd2O4lYzLk4KtZxWspDr6qn4X9tk7MRDneyAQvG\n6yEagwvCMnceWvtntfA49mqogKNBnG3+tLeD8WY2FcB0eXdVcc9NKW7Am1ea5ADM\nWq6wUBZ/U0x/O6m3KhFL+DcwX9ktBYVmq2D1J/QD+kx1pImOhLMtkO77K/Cp4o6o\n1SYNn9eOhBvHun+1Y+VapIZyH2tR5GGZB0z6IWR6qWpRRs7xkQKCAQEAyIa1zq9V\nTHPkm3mWTDZ+JN/u9sbb+XpOfjKZO01fb6pgi9u9os2VK884FK1MRoukkZYZRItF\nEh14X0tMjGk9Je913bZ7EmekQ5omr9Jqy5F38ZFy17nrHsOGi5BZrL/dgHgAdYmD\nimj8RfAhfYQxydEBhlte0Kl9DZtmwS02s3iBgqpJd/sgu04vEQJiT6ipxMtViXAn\nMoP4klkh4v9tlj5WKbCwLW13DPxxWvL85l6Dp5XmO9E9ssvOTMQ6w/UrUUVXz5JJ\nHNVVXEZjBo60QC2e2nAVrjYXYIPupdff9aMoTTe9o/QKwPscBjxuZ5cWbupuQ+Ky\nxBK471EAgfnY9QKCAQEAt3TTv25YE78aPyMqRaTD7TWSy69OB8247HsnrJWUnzCb\nNKY/vyoEwyrraQG7b99tdLT1xoFQXGYiy2c5CscOu24N/k8t4VSWWjHLAaiUCefF\nut6sGFZQkZcy+LxPpleCwCv4s+g7IRLusexuVl3rRSN3rcYopjbVTWfMPWH4FASM\nMAKT7kv/qxJkHj1lmZvY4OVPT1Hp4wbKXxzCgAFPEsWr/YUA9e1lH7vpKCTgtuk9\nSW6RwOGNXywNAsMLDrqHz977B+BznfFuuH3etMu4N7zodRF5lPEahcPVBL9d69i8\nsEohQiNsAGWJnheKrJOfrdriCOyvzYaMzER3BTUf0QKCAQAQQ/0TWt2MagotIluy\nqujojNGRaugFAIrFac1MJiaLpEJYleZ4Aj0LZK+j3brGLiWXOZmrGbDsmz9cW3tG\nGHNBVH83EMpC3+1PHn3s3SCUiqQ0EBxEq2wK/sk3IOplPNr2xMUkw5bL72AnPCc7\nSzHOsQlyoI68VkMyi1x2Zvh87lVzB+UVumUZTGo88viOhZvfvq6di19ilZngJSK+\niwGUolHS5+YiiTKS9xcqzXL+LMR5H4uhZoOesTF2wKQTqRtuaDWLPM55bESUS5FU\nwtaULh8okNbxXqnexlThVvVvs2Bdgxv65JzKspO/Xb+G35aOQK3ZC9Z8WRhvMR7d\nbCrRAoIBAQCwRf7BFVGDgIOZPXe8mzXuRYVXAt9r7TrD9faVsl9EhSwJCRTq/cZ6\nOUO/bew/CVB7PvqE8iunu0hXKizMggCQnYvILtb6bent9bI9EmxvaLTczOleL/hL\neXoOa2KnzD0BVxqsXTQgeOm2A4Cd4kpnHeF9jLpVdPY/TIZA4m6UAZiFMaOz710Q\nfpro3TqIYAhUmLmVBV0B2cYzM4ZKqbQCoLzyUo/B9Prf0+fEio268OgWcrd2ILuY\nzR4RrfkIV9NiYyRVMhZL5Elnz1HqjbJKGIVLocETuvwnZaP60eVBHViH9Vz3vpQF\nXvR3jcm5ASqa8CdsnRIZqmFCeCGWgRXF\n-----END PRIVATE KEY-----\n",
            "public_key_fingerprint_md5": "a0:a9:56:8f:10:93:86:29:02:00:e2:a9:ba:58:a7:c9",
            "public_key_fingerprint_sha256": "SHA256:sqUFOt6e3VVYcLC70eBEaqxNU4t+M12j1tO3KrilId8",
            "public_key_openssh": "ssh-rsa AAAAB3NzaC1yc2EAAAADAQABAAACAQDFPGuaK2yEkI49/W6neUGrjeDMinDtFcy5pQgvSIiUaC7sF8fNYRtBlLuHLbLV6jIXY/pBKEMUKEiKky098FFy/dgiFRdcXbSpZqaVKWCWle/XuSlLaPhcUj5x9L22ld2KDzR+LS0QYoy5ktAeZXhSL8oMpXyS7GZTNYZANdjCDssckXt7AvcEhGpaxLH3Cz9AaLCwsQFnPaDBfEDIR9B34Mw8pzlNRykOx3F4I7M6KOSv3lKQdLYJ+hYLaLKqpekzOFrgoobcKM4mk5sOpUA0YCUzneaKXYwn+sAhDIuiwFRlENOGEvQZmvpG9CFDTB4pYvJ+8pGtIFOFDv4jG3kYBCqSWSDNkpVm7a64PH8WQPxI/Lxp5qXMgRyTWuveLHDAXKeZI+G0zJIDnealDddB52hVdkxBar3dUzJU6z+7gLUgFGZ62HfT1Ppa/55GC/20UiuzgYe/143fB0PWATNbQrPVGgzzVqrG6vGwsN2fYznm3esF9u/RNjEaf/9L/U9gn77KLf+m85evTVq2YaXbBi46Lqq4iLJMX/sTapx9m0gTKmc9PDUd5nzqRLInEdH58H179vtmPs5caoV1yF+eCIA4yWDm3edI6bzF63eiuJ/UfYxKW+b6My0kjVQZe9UQ5pKPMkYhFOc+BybdkuK8jMfCeH/U+nDsYVuKZuiHxQ==\n",
            "public_key_pem": "-----BEGIN PUBLIC KEY-----\nMIICIjANBgkqhkiG9w0BAQEFAAOCAg8AMIICCgKCAgEAxTxrmitshJCOPf1up3lB\nq43gzIpw7RXMuaUIL0iIlGgu7BfHzWEbQZS7hy2y1eoyF2P6QShDFChIipMtPfBR\ncv3YIhUXXF20qWamlSlglpXv17kpS2j4XFI+cfS9tpXdig80fi0tEGKMuZLQHmV4\nUi/KDKV8kuxmUzWGQDXYwg7LHJF7ewL3BIRqWsSx9ws/QGiwsLEBZz2gwXxAyEfQ\nd+DMPKc5TUcpDsdxeCOzOijkr95SkHS2CfoWC2iyqqXpMzha4KKG3CjOJpObDqVA\nNGAlM53mil2MJ/rAIQyLosBUZRDThhL0GZr6RvQhQ0weKWLyfvKRrSBThQ7+Ixt5\nGAQqklkgzZKVZu2uuDx/FkD8SPy8aealzIEck1rr3ixwwFynmSPhtMySA53mpQ3X\nQedoVXZMQWq93VMyVOs/u4C1IBRmeth309T6Wv+eRgv9tFIrs4GHv9eN3wdD1gEz\nW0Kz1RoM81aqxurxsLDdn2M55t3rBfbv0TYxGn//S/1PYJ++yi3/pvOXr01atmGl\n2wYuOi6quIiyTF/7E2qcfZtIEypnPTw1HeZ86kSyJxHR+fB9e/b7Zj7OXGqFdchf\nngiAOMlg5t3nSOm8xet3orif1H2MSlvm+jMtJI1UGXvVEOaSjzJGIRTnPgcm3ZLi\nvIzHwnh/1Ppw7GFbimboh8UCAwEAAQ==\n-----END PUBLIC KEY-----\n",
            "rsa_bits": 4096
          },
          "sensitive_attributes": []
        }
      ]
    }
  ],
  "check_results": null
}
